// !$*UTF8*$!
{
	archiveVersion = 1;
	classes = {
	};
	objectVersion = 46;
	objects = {

/* Begin PBXBuildFile section */
		678078CB1D3C4F4500DF3A6A /* Colors.swift in Sources */ = {isa = PBXBuildFile; fileRef = 678078CA1D3C4F4500DF3A6A /* Colors.swift */; };
		67EB30671D3BEE7C00C9B751 /* AppDelegate.swift in Sources */ = {isa = PBXBuildFile; fileRef = 67EB30661D3BEE7C00C9B751 /* AppDelegate.swift */; };
		67EB30691D3BEE7C00C9B751 /* ViewController.swift in Sources */ = {isa = PBXBuildFile; fileRef = 67EB30681D3BEE7C00C9B751 /* ViewController.swift */; };
		67EB306C1D3BEE7C00C9B751 /* Main.storyboard in Resources */ = {isa = PBXBuildFile; fileRef = 67EB306A1D3BEE7C00C9B751 /* Main.storyboard */; };
		67EB306E1D3BEE7C00C9B751 /* Assets.xcassets in Resources */ = {isa = PBXBuildFile; fileRef = 67EB306D1D3BEE7C00C9B751 /* Assets.xcassets */; };
		67EB30711D3BEE7C00C9B751 /* LaunchScreen.storyboard in Resources */ = {isa = PBXBuildFile; fileRef = 67EB306F1D3BEE7C00C9B751 /* LaunchScreen.storyboard */; };
		6A46F7A51D3CE47600A2C258 /* RegisterViewController.swift in Sources */ = {isa = PBXBuildFile; fileRef = 6A46F7A41D3CE47600A2C258 /* RegisterViewController.swift */; };
/* End PBXBuildFile section */

/* Begin PBXFileReference section */
		678078CA1D3C4F4500DF3A6A /* Colors.swift */ = {isa = PBXFileReference; fileEncoding = 4; lastKnownFileType = sourcecode.swift; path = Colors.swift; sourceTree = "<group>"; };
		67EB30631D3BEE7C00C9B751 /* Holy-Cow.app */ = {isa = PBXFileReference; explicitFileType = wrapper.application; includeInIndex = 0; path = "Holy-Cow.app"; sourceTree = BUILT_PRODUCTS_DIR; };
		67EB30661D3BEE7C00C9B751 /* AppDelegate.swift */ = {isa = PBXFileReference; lastKnownFileType = sourcecode.swift; path = AppDelegate.swift; sourceTree = "<group>"; };
		67EB30681D3BEE7C00C9B751 /* ViewController.swift */ = {isa = PBXFileReference; lastKnownFileType = sourcecode.swift; path = ViewController.swift; sourceTree = "<group>"; };
		67EB306B1D3BEE7C00C9B751 /* Base */ = {isa = PBXFileReference; lastKnownFileType = file.storyboard; name = Base; path = Base.lproj/Main.storyboard; sourceTree = "<group>"; };
		67EB306D1D3BEE7C00C9B751 /* Assets.xcassets */ = {isa = PBXFileReference; lastKnownFileType = folder.assetcatalog; path = Assets.xcassets; sourceTree = "<group>"; };
		67EB30701D3BEE7C00C9B751 /* Base */ = {isa = PBXFileReference; lastKnownFileType = file.storyboard; name = Base; path = Base.lproj/LaunchScreen.storyboard; sourceTree = "<group>"; };
		67EB30721D3BEE7C00C9B751 /* Info.plist */ = {isa = PBXFileReference; lastKnownFileType = text.plist.xml; path = Info.plist; sourceTree = "<group>"; };
		6A46F7A41D3CE47600A2C258 /* RegisterViewController.swift */ = {isa = PBXFileReference; fileEncoding = 4; lastKnownFileType = sourcecode.swift; path = RegisterViewController.swift; sourceTree = "<group>"; };
/* End PBXFileReference section */

/* Begin PBXFrameworksBuildPhase section */
		67EB30601D3BEE7C00C9B751 /* Frameworks */ = {
			isa = PBXFrameworksBuildPhase;
			buildActionMask = 2147483647;
			files = (
			);
			runOnlyForDeploymentPostprocessing = 0;
		};
/* End PBXFrameworksBuildPhase section */

/* Begin PBXGroup section */
		67EB305A1D3BEE7C00C9B751 = {
			isa = PBXGroup;
			children = (
				67EB30651D3BEE7C00C9B751 /* Holy-Cow */,
				67EB30641D3BEE7C00C9B751 /* Products */,
			);
			sourceTree = "<group>";
		};
		67EB30641D3BEE7C00C9B751 /* Products */ = {
			isa = PBXGroup;
			children = (
				67EB30631D3BEE7C00C9B751 /* Holy-Cow.app */,
			);
			name = Products;
			sourceTree = "<group>";
		};
		67EB30651D3BEE7C00C9B751 /* Holy-Cow */ = {
			isa = PBXGroup;
			children = (
				67EB30661D3BEE7C00C9B751 /* AppDelegate.swift */,
				67EB30681D3BEE7C00C9B751 /* ViewController.swift */,
				6A46F7A41D3CE47600A2C258 /* RegisterViewController.swift */,
				67EB306A1D3BEE7C00C9B751 /* Main.storyboard */,
				678078CA1D3C4F4500DF3A6A /* Colors.swift */,
				67EB306D1D3BEE7C00C9B751 /* Assets.xcassets */,
				67EB306F1D3BEE7C00C9B751 /* LaunchScreen.storyboard */,
				67EB30721D3BEE7C00C9B751 /* Info.plist */,
			);
			path = "Holy-Cow";
			sourceTree = "<group>";
		};
/* End PBXGroup section */

/* Begin PBXNativeTarget section */
		67EB30621D3BEE7C00C9B751 /* Holy-Cow */ = {
			isa = PBXNativeTarget;
			buildConfigurationList = 67EB30751D3BEE7C00C9B751 /* Build configuration list for PBXNativeTarget "Holy-Cow" */;
			buildPhases = (
				67EB305F1D3BEE7C00C9B751 /* Sources */,
				67EB30601D3BEE7C00C9B751 /* Frameworks */,
				67EB30611D3BEE7C00C9B751 /* Resources */,
			);
			buildRules = (
			);
			dependencies = (
			);
			name = "Holy-Cow";
			productName = "Holy-Cow";
			productReference = 67EB30631D3BEE7C00C9B751 /* Holy-Cow.app */;
			productType = "com.apple.product-type.application";
		};
/* End PBXNativeTarget section */

/* Begin PBXProject section */
		67EB305B1D3BEE7C00C9B751 /* Project object */ = {
			isa = PBXProject;
			attributes = {
				LastSwiftUpdateCheck = 0730;
				LastUpgradeCheck = 0730;
				ORGANIZATIONNAME = "Nadia Jamrozik";
				TargetAttributes = {
					67EB30621D3BEE7C00C9B751 = {
						CreatedOnToolsVersion = 7.3;
						DevelopmentTeam = UGZ3JL9C3M;
					};
				};
			};
			buildConfigurationList = 67EB305E1D3BEE7C00C9B751 /* Build configuration list for PBXProject "Holy-Cow" */;
			compatibilityVersion = "Xcode 3.2";
			developmentRegion = English;
			hasScannedForEncodings = 0;
			knownRegions = (
				en,
				Base,
			);
			mainGroup = 67EB305A1D3BEE7C00C9B751;
			productRefGroup = 67EB30641D3BEE7C00C9B751 /* Products */;
			projectDirPath = "";
			projectRoot = "";
			targets = (
				67EB30621D3BEE7C00C9B751 /* Holy-Cow */,
			);
		};
/* End PBXProject section */

/* Begin PBXResourcesBuildPhase section */
		67EB30611D3BEE7C00C9B751 /* Resources */ = {
			isa = PBXResourcesBuildPhase;
			buildActionMask = 2147483647;
			files = (
				67EB30711D3BEE7C00C9B751 /* LaunchScreen.storyboard in Resources */,
				67EB306E1D3BEE7C00C9B751 /* Assets.xcassets in Resources */,
				67EB306C1D3BEE7C00C9B751 /* Main.storyboard in Resources */,
			);
			runOnlyForDeploymentPostprocessing = 0;
		};
/* End PBXResourcesBuildPhase section */

/* Begin PBXSourcesBuildPhase section */
		67EB305F1D3BEE7C00C9B751 /* Sources */ = {
			isa = PBXSourcesBuildPhase;
			buildActionMask = 2147483647;
			files = (
				678078CB1D3C4F4500DF3A6A /* Colors.swift in Sources */,
				67EB30691D3BEE7C00C9B751 /* ViewController.swift in Sources */,
				67EB30671D3BEE7C00C9B751 /* AppDelegate.swift in Sources */,
				6A46F7A51D3CE47600A2C258 /* RegisterViewController.swift in Sources */,
			);
			runOnlyForDeploymentPostprocessing = 0;
		};
/* End PBXSourcesBuildPhase section */

/* Begin PBXVariantGroup section */
		67EB306A1D3BEE7C00C9B751 /* Main.storyboard */ = {
			isa = PBXVariantGroup;
			children = (
				67EB306B1D3BEE7C00C9B751 /* Base */,
			);
			name = Main.storyboard;
			sourceTree = "<group>";
		};
		67EB306F1D3BEE7C00C9B751 /* LaunchScreen.storyboard */ = {
			isa = PBXVariantGroup;
			children = (
				67EB30701D3BEE7C00C9B751 /* Base */,
			);
			name = LaunchScreen.storyboard;
			sourceTree = "<group>";
		};
/* End PBXVariantGroup section */

/* Begin XCBuildConfiguration section */
		67EB30731D3BEE7C00C9B751 /* Debug */ = {
			isa = XCBuildConfiguration;
			buildSettings = {
				ALWAYS_SEARCH_USER_PATHS = NO;
				CLANG_ANALYZER_NONNULL = YES;
				CLANG_CXX_LANGUAGE_STANDARD = "gnu++0x";
				CLANG_CXX_LIBRARY = "libc++";
				CLANG_ENABLE_MODULES = YES;
				CLANG_ENABLE_OBJC_ARC = YES;
				CLANG_WARN_BOOL_CONVERSION = YES;
				CLANG_WARN_CONSTANT_CONVERSION = YES;
				CLANG_WARN_DIRECT_OBJC_ISA_USAGE = YES_ERROR;
				CLANG_WARN_EMPTY_BODY = YES;
				CLANG_WARN_ENUM_CONVERSION = YES;
				CLANG_WARN_INT_CONVERSION = YES;
				CLANG_WARN_OBJC_ROOT_CLASS = YES_ERROR;
				CLANG_WARN_UNREACHABLE_CODE = YES;
				CLANG_WARN__DUPLICATE_METHOD_MATCH = YES;
				"CODE_SIGN_IDENTITY[sdk=iphoneos*]" = "iPhone Developer";
				COPY_PHASE_STRIP = NO;
				DEBUG_INFORMATION_FORMAT = dwarf;
				ENABLE_STRICT_OBJC_MSGSEND = YES;
				ENABLE_TESTABILITY = YES;
				GCC_C_LANGUAGE_STANDARD = gnu99;
				GCC_DYNAMIC_NO_PIC = NO;
				GCC_NO_COMMON_BLOCKS = YES;
				GCC_OPTIMIZATION_LEVEL = 0;
				GCC_PREPROCESSOR_DEFINITIONS = (
					"DEBUG=1",
					"$(inherited)",
				);
				GCC_WARN_64_TO_32_BIT_CONVERSION = YES;
				GCC_WARN_ABOUT_RETURN_TYPE = YES_ERROR;
				GCC_WARN_UNDECLARED_SELECTOR = YES;
				GCC_WARN_UNINITIALIZED_AUTOS = YES_AGGRESSIVE;
				GCC_WARN_UNUSED_FUNCTION = YES;
				GCC_WARN_UNUSED_VARIABLE = YES;
				IPHONEOS_DEPLOYMENT_TARGET = 9.3;
				MTL_ENABLE_DEBUG_INFO = YES;
				ONLY_ACTIVE_ARCH = YES;
				SDKROOT = iphoneos;
				SWIFT_OPTIMIZATION_LEVEL = "-Onone";
			};
			name = Debug;
		};
		67EB30741D3BEE7C00C9B751 /* Release */ = {
			isa = XCBuildConfiguration;
			buildSettings = {
				ALWAYS_SEARCH_USER_PATHS = NO;
				CLANG_ANALYZER_NONNULL = YES;
				CLANG_CXX_LANGUAGE_STANDARD = "gnu++0x";
				CLANG_CXX_LIBRARY = "libc++";
				CLANG_ENABLE_MODULES = YES;
				CLANG_ENABLE_OBJC_ARC = YES;
				CLANG_WARN_BOOL_CONVERSION = YES;
				CLANG_WARN_CONSTANT_CONVERSION = YES;
				CLANG_WARN_DIRECT_OBJC_ISA_USAGE = YES_ERROR;
				CLANG_WARN_EMPTY_BODY = YES;
				CLANG_WARN_ENUM_CONVERSION = YES;
				CLANG_WARN_INT_CONVERSION = YES;
				CLANG_WARN_OBJC_ROOT_CLASS = YES_ERROR;
				CLANG_WARN_UNREACHABLE_CODE = YES;
				CLANG_WARN__DUPLICATE_METHOD_MATCH = YES;
				"CODE_SIGN_IDENTITY[sdk=iphoneos*]" = "iPhone Developer";
				COPY_PHASE_STRIP = NO;
				DEBUG_INFORMATION_FORMAT = "dwarf-with-dsym";
				ENABLE_NS_ASSERTIONS = NO;
				ENABLE_STRICT_OBJC_MSGSEND = YES;
				GCC_C_LANGUAGE_STANDARD = gnu99;
				GCC_NO_COMMON_BLOCKS = YES;
				GCC_WARN_64_TO_32_BIT_CONVERSION = YES;
				GCC_WARN_ABOUT_RETURN_TYPE = YES_ERROR;
				GCC_WARN_UNDECLARED_SELECTOR = YES;
				GCC_WARN_UNINITIALIZED_AUTOS = YES_AGGRESSIVE;
				GCC_WARN_UNUSED_FUNCTION = YES;
				GCC_WARN_UNUSED_VARIABLE = YES;
				IPHONEOS_DEPLOYMENT_TARGET = 9.3;
				MTL_ENABLE_DEBUG_INFO = NO;
				SDKROOT = iphoneos;
				VALIDATE_PRODUCT = YES;
			};
			name = Release;
		};
		67EB30761D3BEE7C00C9B751 /* Debug */ = {
			isa = XCBuildConfiguration;
			buildSettings = {
				ASSETCATALOG_COMPILER_APPICON_NAME = AppIcon;
				INFOPLIST_FILE = "Holy-Cow/Info.plist";
				LD_RUNPATH_SEARCH_PATHS = "$(inherited) @executable_path/Frameworks";
				PRODUCT_BUNDLE_IDENTIFIER = "com.nadiajamrozik.Holy-Cow";
				PRODUCT_NAME = "$(TARGET_NAME)";
			};
			name = Debug;
		};
		67EB30771D3BEE7C00C9B751 /* Release */ = {
			isa = XCBuildConfiguration;
			buildSettings = {
				ASSETCATALOG_COMPILER_APPICON_NAME = AppIcon;
				INFOPLIST_FILE = "Holy-Cow/Info.plist";
				LD_RUNPATH_SEARCH_PATHS = "$(inherited) @executable_path/Frameworks";
				PRODUCT_BUNDLE_IDENTIFIER = "com.nadiajamrozik.Holy-Cow";
				PRODUCT_NAME = "$(TARGET_NAME)";
			};
			name = Release;
		};
/* End XCBuildConfiguration section */

/* Begin XCConfigurationList section */
		67EB305E1D3BEE7C00C9B751 /* Build configuration list for PBXProject "Holy-Cow" */ = {
			isa = XCConfigurationList;
			buildConfigurations = (
				67EB30731D3BEE7C00C9B751 /* Debug */,
				67EB30741D3BEE7C00C9B751 /* Release */,
			);
			defaultConfigurationIsVisible = 0;
			defaultConfigurationName = Release;
		};
		67EB30751D3BEE7C00C9B751 /* Build configuration list for PBXNativeTarget "Holy-Cow" */ = {
			isa = XCConfigurationList;
			buildConfigurations = (
				67EB30761D3BEE7C00C9B751 /* Debug */,
				67EB30771D3BEE7C00C9B751 /* Release */,
			);
			defaultConfigurationIsVisible = 0;
			defaultConfigurationName = Release;
		};
/* End XCConfigurationList section */
	};
	rootObject = 67EB305B1D3BEE7C00C9B751 /* Project object */;
}
