// !$*UTF8*$!
{
	archiveVersion = 1;
	classes = {
	};
	objectVersion = 46;
	objects = {

/* Begin PBXBuildFile section */
		4E73C6261D3CD72D00F41471 /* InfoTabsViewController.swift in Sources */ = {isa = PBXBuildFile; fileRef = 4E73C6251D3CD72D00F41471 /* InfoTabsViewController.swift */; };
		4E80E53B1D3E566B00778E6D /* InfoTabs.storyboard in Resources */ = {isa = PBXBuildFile; fileRef = 4E80E53A1D3E566B00778E6D /* InfoTabs.storyboard */; };
		4EAF31B21D41149900EA3FEA /* ProgressArc.swift in Sources */ = {isa = PBXBuildFile; fileRef = 4EAF31B11D41149900EA3FEA /* ProgressArc.swift */; };
		671703111D474F7A00F2A250 /* FoodTableViewCell.swift in Sources */ = {isa = PBXBuildFile; fileRef = 6717030F1D474F7A00F2A250 /* FoodTableViewCell.swift */; };
		671703121D474F7A00F2A250 /* FoodTableViewCell.xib in Resources */ = {isa = PBXBuildFile; fileRef = 671703101D474F7A00F2A250 /* FoodTableViewCell.xib */; };
		671703161D47555700F2A250 /* Friends.storyboard in Resources */ = {isa = PBXBuildFile; fileRef = 671703151D47555700F2A250 /* Friends.storyboard */; };
		671703181D47589400F2A250 /* FriendsViewController.swift in Sources */ = {isa = PBXBuildFile; fileRef = 671703171D47589400F2A250 /* FriendsViewController.swift */; };
		672E4C671D3CF862003906EF /* Calendar.storyboard in Resources */ = {isa = PBXBuildFile; fileRef = 672E4C661D3CF862003906EF /* Calendar.storyboard */; };
		672E4C691D3CF8ED003906EF /* CalendarViewController.swift in Sources */ = {isa = PBXBuildFile; fileRef = 672E4C681D3CF8ED003906EF /* CalendarViewController.swift */; };
		672E4C8C1D3D6B9D003906EF /* Recipes.storyboard in Resources */ = {isa = PBXBuildFile; fileRef = 672E4C8B1D3D6B9D003906EF /* Recipes.storyboard */; };
		672E4CBF1D3E2179003906EF /* GT-Walsheim-Pro-Trial-Ultra-Light.otf in Resources */ = {isa = PBXBuildFile; fileRef = 672E4CAF1D3E2179003906EF /* GT-Walsheim-Pro-Trial-Ultra-Light.otf */; };
		672E4CC01D3E2179003906EF /* GT-Walsheim-Pro-Trial-Ultra-Light-Oblique.otf in Resources */ = {isa = PBXBuildFile; fileRef = 672E4CB01D3E2179003906EF /* GT-Walsheim-Pro-Trial-Ultra-Light-Oblique.otf */; };
		672E4CC11D3E2179003906EF /* GT-Walsheim-Pro-Trial-Ultra-Bold.otf in Resources */ = {isa = PBXBuildFile; fileRef = 672E4CB11D3E2179003906EF /* GT-Walsheim-Pro-Trial-Ultra-Bold.otf */; };
		672E4CC21D3E2179003906EF /* GT-Walsheim-Pro-Trial-Ultra-Bold-Oblique.otf in Resources */ = {isa = PBXBuildFile; fileRef = 672E4CB21D3E2179003906EF /* GT-Walsheim-Pro-Trial-Ultra-Bold-Oblique.otf */; };
		672E4CC31D3E2179003906EF /* GT-Walsheim-Pro-Trial-Thin.otf in Resources */ = {isa = PBXBuildFile; fileRef = 672E4CB31D3E2179003906EF /* GT-Walsheim-Pro-Trial-Thin.otf */; };
		672E4CC41D3E2179003906EF /* GT-Walsheim-Pro-Trial-Thin-Oblique.otf in Resources */ = {isa = PBXBuildFile; fileRef = 672E4CB41D3E2179003906EF /* GT-Walsheim-Pro-Trial-Thin-Oblique.otf */; };
		672E4CC51D3E2179003906EF /* GT-Walsheim-Pro-Trial-Regular.otf in Resources */ = {isa = PBXBuildFile; fileRef = 672E4CB51D3E2179003906EF /* GT-Walsheim-Pro-Trial-Regular.otf */; };
		672E4CC61D3E2179003906EF /* GT-Walsheim-Pro-Trial-Regular-Oblique.otf in Resources */ = {isa = PBXBuildFile; fileRef = 672E4CB61D3E2179003906EF /* GT-Walsheim-Pro-Trial-Regular-Oblique.otf */; };
		672E4CC71D3E2179003906EF /* GT-Walsheim-Pro-Trial-Medium.otf in Resources */ = {isa = PBXBuildFile; fileRef = 672E4CB71D3E2179003906EF /* GT-Walsheim-Pro-Trial-Medium.otf */; };
		672E4CC81D3E2179003906EF /* GT-Walsheim-Pro-Trial-Medium-Oblique.otf in Resources */ = {isa = PBXBuildFile; fileRef = 672E4CB81D3E2179003906EF /* GT-Walsheim-Pro-Trial-Medium-Oblique.otf */; };
		672E4CC91D3E2179003906EF /* GT-Walsheim-Pro-Trial-Light.otf in Resources */ = {isa = PBXBuildFile; fileRef = 672E4CB91D3E2179003906EF /* GT-Walsheim-Pro-Trial-Light.otf */; };
		672E4CCA1D3E2179003906EF /* GT-Walsheim-Pro-Trial-Light-Oblique.otf in Resources */ = {isa = PBXBuildFile; fileRef = 672E4CBA1D3E2179003906EF /* GT-Walsheim-Pro-Trial-Light-Oblique.otf */; };
		672E4CCB1D3E2179003906EF /* GT-Walsheim-Pro-Trial-Bold.otf in Resources */ = {isa = PBXBuildFile; fileRef = 672E4CBB1D3E2179003906EF /* GT-Walsheim-Pro-Trial-Bold.otf */; };
		672E4CCC1D3E2179003906EF /* GT-Walsheim-Pro-Trial-Bold-Oblique.otf in Resources */ = {isa = PBXBuildFile; fileRef = 672E4CBC1D3E2179003906EF /* GT-Walsheim-Pro-Trial-Bold-Oblique.otf */; };
		672E4CCD1D3E2179003906EF /* GT-Walsheim-Pro-Trial-Black.otf in Resources */ = {isa = PBXBuildFile; fileRef = 672E4CBD1D3E2179003906EF /* GT-Walsheim-Pro-Trial-Black.otf */; };
		672E4CCE1D3E2179003906EF /* GT-Walsheim-Pro-Trial-Black-Oblique.otf in Resources */ = {isa = PBXBuildFile; fileRef = 672E4CBE1D3E2179003906EF /* GT-Walsheim-Pro-Trial-Black-Oblique.otf */; };
		6731B10F1D4178C5005B3951 /* TabBarViewController.swift in Sources */ = {isa = PBXBuildFile; fileRef = 6731B10E1D4178C5005B3951 /* TabBarViewController.swift */; };
		67462EF41D53813C00FF585E /* Settings.storyboard in Resources */ = {isa = PBXBuildFile; fileRef = 67462EF31D53813C00FF585E /* Settings.storyboard */; };
		67462EFA1D54887100FF585E /* CalendarDate.swift in Sources */ = {isa = PBXBuildFile; fileRef = 67462EF91D54887100FF585E /* CalendarDate.swift */; };
		678078CB1D3C4F4500DF3A6A /* Colors.swift in Sources */ = {isa = PBXBuildFile; fileRef = 678078CA1D3C4F4500DF3A6A /* Colors.swift */; };
		67963B341D3F8A290050B871 /* RecipesViewController.swift in Sources */ = {isa = PBXBuildFile; fileRef = 67963B331D3F8A290050B871 /* RecipesViewController.swift */; };
		67963B3A1D400D580050B871 /* CalendarController.swift in Sources */ = {isa = PBXBuildFile; fileRef = 67963B391D400D580050B871 /* CalendarController.swift */; };
		67963B3C1D405DC40050B871 /* ProfileViewController.swift in Sources */ = {isa = PBXBuildFile; fileRef = 67963B3B1D405DC40050B871 /* ProfileViewController.swift */; };
		67EB30671D3BEE7C00C9B751 /* AppDelegate.swift in Sources */ = {isa = PBXBuildFile; fileRef = 67EB30661D3BEE7C00C9B751 /* AppDelegate.swift */; };
		67EB30691D3BEE7C00C9B751 /* ViewController.swift in Sources */ = {isa = PBXBuildFile; fileRef = 67EB30681D3BEE7C00C9B751 /* ViewController.swift */; };
		67EB306E1D3BEE7C00C9B751 /* Assets.xcassets in Resources */ = {isa = PBXBuildFile; fileRef = 67EB306D1D3BEE7C00C9B751 /* Assets.xcassets */; };
		67EB30711D3BEE7C00C9B751 /* LaunchScreen.storyboard in Resources */ = {isa = PBXBuildFile; fileRef = 67EB306F1D3BEE7C00C9B751 /* LaunchScreen.storyboard */; };
		67FC11F31D5877C2002E5D92 /* SettingsTableViewController.swift in Sources */ = {isa = PBXBuildFile; fileRef = 67FC11F21D5877C2002E5D92 /* SettingsTableViewController.swift */; };
		67FC11F51D5884C2002E5D92 /* ChallengeViewController.swift in Sources */ = {isa = PBXBuildFile; fileRef = 67FC11F41D5884C2002E5D92 /* ChallengeViewController.swift */; };
		6A46F7A51D3CE47600A2C258 /* RegisterViewController.swift in Sources */ = {isa = PBXBuildFile; fileRef = 6A46F7A41D3CE47600A2C258 /* RegisterViewController.swift */; };
		6A6BD6E91D4176E800C98671 /* StringExtension.swift in Sources */ = {isa = PBXBuildFile; fileRef = 6A6BD6E81D4176E800C98671 /* StringExtension.swift */; };
		6A6BD6EF1D41946100C98671 /* User.swift in Sources */ = {isa = PBXBuildFile; fileRef = 6A6BD6EE1D41946100C98671 /* User.swift */; };
		6A6BD6F11D41AB0E00C98671 /* UserController.swift in Sources */ = {isa = PBXBuildFile; fileRef = 6A6BD6F01D41AB0E00C98671 /* UserController.swift */; };
		6AAC32301D3E371600F10964 /* LoginViewController.swift in Sources */ = {isa = PBXBuildFile; fileRef = 6AAC322F1D3E371600F10964 /* LoginViewController.swift */; };
		6AAC32331D3E484800F10964 /* Main.storyboard in Resources */ = {isa = PBXBuildFile; fileRef = 6AAC32311D3E484800F10964 /* Main.storyboard */; };
		7F0417662CD190A46F4E6393 /* Pods_Holy_Cow.framework in Frameworks */ = {isa = PBXBuildFile; fileRef = BF59E077FF86B97894B8E3ED /* Pods_Holy_Cow.framework */; };
/* End PBXBuildFile section */

/* Begin PBXFileReference section */
		4E73C6251D3CD72D00F41471 /* InfoTabsViewController.swift */ = {isa = PBXFileReference; fileEncoding = 4; lastKnownFileType = sourcecode.swift; path = InfoTabsViewController.swift; sourceTree = "<group>"; };
		4E80E53A1D3E566B00778E6D /* InfoTabs.storyboard */ = {isa = PBXFileReference; fileEncoding = 4; lastKnownFileType = file.storyboard; path = InfoTabs.storyboard; sourceTree = "<group>"; };
		4EAF31B11D41149900EA3FEA /* ProgressArc.swift */ = {isa = PBXFileReference; fileEncoding = 4; lastKnownFileType = sourcecode.swift; path = ProgressArc.swift; sourceTree = "<group>"; };
		6717030F1D474F7A00F2A250 /* FoodTableViewCell.swift */ = {isa = PBXFileReference; fileEncoding = 4; lastKnownFileType = sourcecode.swift; path = FoodTableViewCell.swift; sourceTree = "<group>"; };
		671703101D474F7A00F2A250 /* FoodTableViewCell.xib */ = {isa = PBXFileReference; fileEncoding = 4; lastKnownFileType = file.xib; path = FoodTableViewCell.xib; sourceTree = "<group>"; };
		671703151D47555700F2A250 /* Friends.storyboard */ = {isa = PBXFileReference; fileEncoding = 4; lastKnownFileType = file.storyboard; path = Friends.storyboard; sourceTree = "<group>"; };
		671703171D47589400F2A250 /* FriendsViewController.swift */ = {isa = PBXFileReference; fileEncoding = 4; lastKnownFileType = sourcecode.swift; path = FriendsViewController.swift; sourceTree = "<group>"; };
		672E4C661D3CF862003906EF /* Calendar.storyboard */ = {isa = PBXFileReference; fileEncoding = 4; lastKnownFileType = file.storyboard; path = Calendar.storyboard; sourceTree = "<group>"; };
		672E4C681D3CF8ED003906EF /* CalendarViewController.swift */ = {isa = PBXFileReference; fileEncoding = 4; lastKnownFileType = sourcecode.swift; path = CalendarViewController.swift; sourceTree = "<group>"; };
		672E4C8B1D3D6B9D003906EF /* Recipes.storyboard */ = {isa = PBXFileReference; fileEncoding = 4; lastKnownFileType = file.storyboard; path = Recipes.storyboard; sourceTree = "<group>"; };
		672E4CAF1D3E2179003906EF /* GT-Walsheim-Pro-Trial-Ultra-Light.otf */ = {isa = PBXFileReference; lastKnownFileType = file; path = "GT-Walsheim-Pro-Trial-Ultra-Light.otf"; sourceTree = "<group>"; };
		672E4CB01D3E2179003906EF /* GT-Walsheim-Pro-Trial-Ultra-Light-Oblique.otf */ = {isa = PBXFileReference; lastKnownFileType = file; path = "GT-Walsheim-Pro-Trial-Ultra-Light-Oblique.otf"; sourceTree = "<group>"; };
		672E4CB11D3E2179003906EF /* GT-Walsheim-Pro-Trial-Ultra-Bold.otf */ = {isa = PBXFileReference; lastKnownFileType = file; path = "GT-Walsheim-Pro-Trial-Ultra-Bold.otf"; sourceTree = "<group>"; };
		672E4CB21D3E2179003906EF /* GT-Walsheim-Pro-Trial-Ultra-Bold-Oblique.otf */ = {isa = PBXFileReference; lastKnownFileType = file; path = "GT-Walsheim-Pro-Trial-Ultra-Bold-Oblique.otf"; sourceTree = "<group>"; };
		672E4CB31D3E2179003906EF /* GT-Walsheim-Pro-Trial-Thin.otf */ = {isa = PBXFileReference; lastKnownFileType = file; path = "GT-Walsheim-Pro-Trial-Thin.otf"; sourceTree = "<group>"; };
		672E4CB41D3E2179003906EF /* GT-Walsheim-Pro-Trial-Thin-Oblique.otf */ = {isa = PBXFileReference; lastKnownFileType = file; path = "GT-Walsheim-Pro-Trial-Thin-Oblique.otf"; sourceTree = "<group>"; };
		672E4CB51D3E2179003906EF /* GT-Walsheim-Pro-Trial-Regular.otf */ = {isa = PBXFileReference; lastKnownFileType = file; path = "GT-Walsheim-Pro-Trial-Regular.otf"; sourceTree = "<group>"; };
		672E4CB61D3E2179003906EF /* GT-Walsheim-Pro-Trial-Regular-Oblique.otf */ = {isa = PBXFileReference; lastKnownFileType = file; path = "GT-Walsheim-Pro-Trial-Regular-Oblique.otf"; sourceTree = "<group>"; };
		672E4CB71D3E2179003906EF /* GT-Walsheim-Pro-Trial-Medium.otf */ = {isa = PBXFileReference; lastKnownFileType = file; path = "GT-Walsheim-Pro-Trial-Medium.otf"; sourceTree = "<group>"; };
		672E4CB81D3E2179003906EF /* GT-Walsheim-Pro-Trial-Medium-Oblique.otf */ = {isa = PBXFileReference; lastKnownFileType = file; path = "GT-Walsheim-Pro-Trial-Medium-Oblique.otf"; sourceTree = "<group>"; };
		672E4CB91D3E2179003906EF /* GT-Walsheim-Pro-Trial-Light.otf */ = {isa = PBXFileReference; lastKnownFileType = file; path = "GT-Walsheim-Pro-Trial-Light.otf"; sourceTree = "<group>"; };
		672E4CBA1D3E2179003906EF /* GT-Walsheim-Pro-Trial-Light-Oblique.otf */ = {isa = PBXFileReference; lastKnownFileType = file; path = "GT-Walsheim-Pro-Trial-Light-Oblique.otf"; sourceTree = "<group>"; };
		672E4CBB1D3E2179003906EF /* GT-Walsheim-Pro-Trial-Bold.otf */ = {isa = PBXFileReference; lastKnownFileType = file; path = "GT-Walsheim-Pro-Trial-Bold.otf"; sourceTree = "<group>"; };
		672E4CBC1D3E2179003906EF /* GT-Walsheim-Pro-Trial-Bold-Oblique.otf */ = {isa = PBXFileReference; lastKnownFileType = file; path = "GT-Walsheim-Pro-Trial-Bold-Oblique.otf"; sourceTree = "<group>"; };
		672E4CBD1D3E2179003906EF /* GT-Walsheim-Pro-Trial-Black.otf */ = {isa = PBXFileReference; lastKnownFileType = file; path = "GT-Walsheim-Pro-Trial-Black.otf"; sourceTree = "<group>"; };
		672E4CBE1D3E2179003906EF /* GT-Walsheim-Pro-Trial-Black-Oblique.otf */ = {isa = PBXFileReference; lastKnownFileType = file; path = "GT-Walsheim-Pro-Trial-Black-Oblique.otf"; sourceTree = "<group>"; };
		6731B10E1D4178C5005B3951 /* TabBarViewController.swift */ = {isa = PBXFileReference; fileEncoding = 4; lastKnownFileType = sourcecode.swift; path = TabBarViewController.swift; sourceTree = "<group>"; };
		67462EF31D53813C00FF585E /* Settings.storyboard */ = {isa = PBXFileReference; fileEncoding = 4; lastKnownFileType = file.storyboard; path = Settings.storyboard; sourceTree = "<group>"; };
		67462EF91D54887100FF585E /* CalendarDate.swift */ = {isa = PBXFileReference; fileEncoding = 4; lastKnownFileType = sourcecode.swift; path = CalendarDate.swift; sourceTree = "<group>"; };
		678078CA1D3C4F4500DF3A6A /* Colors.swift */ = {isa = PBXFileReference; fileEncoding = 4; lastKnownFileType = sourcecode.swift; path = Colors.swift; sourceTree = "<group>"; };
		67963B331D3F8A290050B871 /* RecipesViewController.swift */ = {isa = PBXFileReference; fileEncoding = 4; lastKnownFileType = sourcecode.swift; path = RecipesViewController.swift; sourceTree = "<group>"; };
		67963B391D400D580050B871 /* CalendarController.swift */ = {isa = PBXFileReference; fileEncoding = 4; lastKnownFileType = sourcecode.swift; path = CalendarController.swift; sourceTree = "<group>"; };
		67963B3B1D405DC40050B871 /* ProfileViewController.swift */ = {isa = PBXFileReference; fileEncoding = 4; lastKnownFileType = sourcecode.swift; path = ProfileViewController.swift; sourceTree = "<group>"; };
		67EB30631D3BEE7C00C9B751 /* Holy-Cow.app */ = {isa = PBXFileReference; explicitFileType = wrapper.application; includeInIndex = 0; path = "Holy-Cow.app"; sourceTree = BUILT_PRODUCTS_DIR; };
		67EB30661D3BEE7C00C9B751 /* AppDelegate.swift */ = {isa = PBXFileReference; lastKnownFileType = sourcecode.swift; path = AppDelegate.swift; sourceTree = "<group>"; };
		67EB30681D3BEE7C00C9B751 /* ViewController.swift */ = {isa = PBXFileReference; lastKnownFileType = sourcecode.swift; path = ViewController.swift; sourceTree = "<group>"; };
		67EB306D1D3BEE7C00C9B751 /* Assets.xcassets */ = {isa = PBXFileReference; lastKnownFileType = folder.assetcatalog; path = Assets.xcassets; sourceTree = "<group>"; };
		67EB30701D3BEE7C00C9B751 /* Base */ = {isa = PBXFileReference; lastKnownFileType = file.storyboard; name = Base; path = Base.lproj/LaunchScreen.storyboard; sourceTree = "<group>"; };
		67EB30721D3BEE7C00C9B751 /* Info.plist */ = {isa = PBXFileReference; lastKnownFileType = text.plist.xml; path = Info.plist; sourceTree = "<group>"; };
		67FC11F21D5877C2002E5D92 /* SettingsTableViewController.swift */ = {isa = PBXFileReference; fileEncoding = 4; lastKnownFileType = sourcecode.swift; path = SettingsTableViewController.swift; sourceTree = "<group>"; };
		67FC11F41D5884C2002E5D92 /* ChallengeViewController.swift */ = {isa = PBXFileReference; fileEncoding = 4; lastKnownFileType = sourcecode.swift; path = ChallengeViewController.swift; sourceTree = "<group>"; };
		6A46F7A41D3CE47600A2C258 /* RegisterViewController.swift */ = {isa = PBXFileReference; fileEncoding = 4; lastKnownFileType = sourcecode.swift; path = RegisterViewController.swift; sourceTree = "<group>"; };
		6A6BD6E81D4176E800C98671 /* StringExtension.swift */ = {isa = PBXFileReference; fileEncoding = 4; lastKnownFileType = sourcecode.swift; path = StringExtension.swift; sourceTree = "<group>"; };
		6A6BD6EE1D41946100C98671 /* User.swift */ = {isa = PBXFileReference; fileEncoding = 4; lastKnownFileType = sourcecode.swift; path = User.swift; sourceTree = "<group>"; };
		6A6BD6F01D41AB0E00C98671 /* UserController.swift */ = {isa = PBXFileReference; fileEncoding = 4; lastKnownFileType = sourcecode.swift; path = UserController.swift; sourceTree = "<group>"; };
		6AAC322F1D3E371600F10964 /* LoginViewController.swift */ = {isa = PBXFileReference; fileEncoding = 4; lastKnownFileType = sourcecode.swift; path = LoginViewController.swift; sourceTree = "<group>"; };
		6AAC32321D3E484800F10964 /* Base */ = {isa = PBXFileReference; lastKnownFileType = file.storyboard; name = Base; path = Base.lproj/Main.storyboard; sourceTree = "<group>"; };
		85FA3BDBB490E8C06646EF19 /* Pods-Holy-Cow.release.xcconfig */ = {isa = PBXFileReference; includeInIndex = 1; lastKnownFileType = text.xcconfig; name = "Pods-Holy-Cow.release.xcconfig"; path = "Pods/Target Support Files/Pods-Holy-Cow/Pods-Holy-Cow.release.xcconfig"; sourceTree = "<group>"; };
		BF59E077FF86B97894B8E3ED /* Pods_Holy_Cow.framework */ = {isa = PBXFileReference; explicitFileType = wrapper.framework; includeInIndex = 0; path = Pods_Holy_Cow.framework; sourceTree = BUILT_PRODUCTS_DIR; };
		C0949604457044D5B6856D66 /* Pods-Holy-Cow.debug.xcconfig */ = {isa = PBXFileReference; includeInIndex = 1; lastKnownFileType = text.xcconfig; name = "Pods-Holy-Cow.debug.xcconfig"; path = "Pods/Target Support Files/Pods-Holy-Cow/Pods-Holy-Cow.debug.xcconfig"; sourceTree = "<group>"; };
/* End PBXFileReference section */

/* Begin PBXFrameworksBuildPhase section */
		67EB30601D3BEE7C00C9B751 /* Frameworks */ = {
			isa = PBXFrameworksBuildPhase;
			buildActionMask = 2147483647;
			files = (
				7F0417662CD190A46F4E6393 /* Pods_Holy_Cow.framework in Frameworks */,
			);
			runOnlyForDeploymentPostprocessing = 0;
		};
/* End PBXFrameworksBuildPhase section */

/* Begin PBXGroup section */
		672E4CCF1D3E217F003906EF /* Fonts */ = {
			isa = PBXGroup;
			children = (
				672E4CAF1D3E2179003906EF /* GT-Walsheim-Pro-Trial-Ultra-Light.otf */,
				672E4CB01D3E2179003906EF /* GT-Walsheim-Pro-Trial-Ultra-Light-Oblique.otf */,
				672E4CB11D3E2179003906EF /* GT-Walsheim-Pro-Trial-Ultra-Bold.otf */,
				672E4CB21D3E2179003906EF /* GT-Walsheim-Pro-Trial-Ultra-Bold-Oblique.otf */,
				672E4CB31D3E2179003906EF /* GT-Walsheim-Pro-Trial-Thin.otf */,
				672E4CB41D3E2179003906EF /* GT-Walsheim-Pro-Trial-Thin-Oblique.otf */,
				672E4CB51D3E2179003906EF /* GT-Walsheim-Pro-Trial-Regular.otf */,
				672E4CB61D3E2179003906EF /* GT-Walsheim-Pro-Trial-Regular-Oblique.otf */,
				672E4CB71D3E2179003906EF /* GT-Walsheim-Pro-Trial-Medium.otf */,
				672E4CB81D3E2179003906EF /* GT-Walsheim-Pro-Trial-Medium-Oblique.otf */,
				672E4CB91D3E2179003906EF /* GT-Walsheim-Pro-Trial-Light.otf */,
				672E4CBA1D3E2179003906EF /* GT-Walsheim-Pro-Trial-Light-Oblique.otf */,
				672E4CBB1D3E2179003906EF /* GT-Walsheim-Pro-Trial-Bold.otf */,
				672E4CBC1D3E2179003906EF /* GT-Walsheim-Pro-Trial-Bold-Oblique.otf */,
				672E4CBD1D3E2179003906EF /* GT-Walsheim-Pro-Trial-Black.otf */,
				672E4CBE1D3E2179003906EF /* GT-Walsheim-Pro-Trial-Black-Oblique.otf */,
			);
			name = Fonts;
			sourceTree = "<group>";
		};
		67462EED1D53318300FF585E /* Tab Screens */ = {
			isa = PBXGroup;
			children = (
				672E4C8B1D3D6B9D003906EF /* Recipes.storyboard */,
				67963B331D3F8A290050B871 /* RecipesViewController.swift */,
				672E4C661D3CF862003906EF /* Calendar.storyboard */,
				672E4C681D3CF8ED003906EF /* CalendarViewController.swift */,
				671703151D47555700F2A250 /* Friends.storyboard */,
				671703171D47589400F2A250 /* FriendsViewController.swift */,
				67963B3B1D405DC40050B871 /* ProfileViewController.swift */,
				4EAF31B11D41149900EA3FEA /* ProgressArc.swift */,
				6731B10E1D4178C5005B3951 /* TabBarViewController.swift */,
			);
			name = "Tab Screens";
			sourceTree = "<group>";
		};
		67462EEE1D53327D00FF585E /* Login/Register Screens */ = {
			isa = PBXGroup;
			children = (
				6AAC32311D3E484800F10964 /* Main.storyboard */,
				67EB30681D3BEE7C00C9B751 /* ViewController.swift */,
				6A46F7A41D3CE47600A2C258 /* RegisterViewController.swift */,
				6AAC322F1D3E371600F10964 /* LoginViewController.swift */,
				6A6BD6E81D4176E800C98671 /* StringExtension.swift */,
				4E80E53A1D3E566B00778E6D /* InfoTabs.storyboard */,
				4E73C6251D3CD72D00F41471 /* InfoTabsViewController.swift */,
			);
			name = "Login/Register Screens";
			sourceTree = "<group>";
		};
		67462EEF1D5332CE00FF585E /* Customized UI Elements */ = {
			isa = PBXGroup;
			children = (
				671703101D474F7A00F2A250 /* FoodTableViewCell.xib */,
				6717030F1D474F7A00F2A250 /* FoodTableViewCell.swift */,
			);
			name = "Customized UI Elements";
			sourceTree = "<group>";
		};
		67462EF01D53344600FF585E /* Model */ = {
			isa = PBXGroup;
			children = (
				6A6BD6EE1D41946100C98671 /* User.swift */,
				67462EF91D54887100FF585E /* CalendarDate.swift */,
			);
			name = Model;
			sourceTree = "<group>";
		};
		67462EF21D53346100FF585E /* Model Controller */ = {
			isa = PBXGroup;
			children = (
				67963B391D400D580050B871 /* CalendarController.swift */,
				6A6BD6F01D41AB0E00C98671 /* UserController.swift */,
			);
			name = "Model Controller";
			sourceTree = "<group>";
		};
		67EB305A1D3BEE7C00C9B751 = {
			isa = PBXGroup;
			children = (
				672E4CCF1D3E217F003906EF /* Fonts */,
				67EB30651D3BEE7C00C9B751 /* Holy-Cow */,
				67EB30641D3BEE7C00C9B751 /* Products */,
				D410EC6E5FC22C2A4E230341 /* Pods */,
				6A8335452254170F719F00F2 /* Frameworks */,
			);
			sourceTree = "<group>";
		};
		67EB30641D3BEE7C00C9B751 /* Products */ = {
			isa = PBXGroup;
			children = (
				67EB30631D3BEE7C00C9B751 /* Holy-Cow.app */,
			);
			name = Products;
			sourceTree = "<group>";
		};
		67EB30651D3BEE7C00C9B751 /* Holy-Cow */ = {
			isa = PBXGroup;
			children = (
				67EB30661D3BEE7C00C9B751 /* AppDelegate.swift */,
				67462EF01D53344600FF585E /* Model */,
				67462EF21D53346100FF585E /* Model Controller */,
				67462EEE1D53327D00FF585E /* Login/Register Screens */,
				67462EED1D53318300FF585E /* Tab Screens */,
				67462EEF1D5332CE00FF585E /* Customized UI Elements */,
				67462EF31D53813C00FF585E /* Settings.storyboard */,
				67FC11F21D5877C2002E5D92 /* SettingsTableViewController.swift */,
				67FC11F41D5884C2002E5D92 /* ChallengeViewController.swift */,
				67EB306D1D3BEE7C00C9B751 /* Assets.xcassets */,
				678078CA1D3C4F4500DF3A6A /* Colors.swift */,
				67EB306F1D3BEE7C00C9B751 /* LaunchScreen.storyboard */,
				67EB30721D3BEE7C00C9B751 /* Info.plist */,
			);
			path = "Holy-Cow";
			sourceTree = "<group>";
		};
		6A8335452254170F719F00F2 /* Frameworks */ = {
			isa = PBXGroup;
			children = (
				BF59E077FF86B97894B8E3ED /* Pods_Holy_Cow.framework */,
			);
			name = Frameworks;
			sourceTree = "<group>";
		};
		D410EC6E5FC22C2A4E230341 /* Pods */ = {
			isa = PBXGroup;
			children = (
				C0949604457044D5B6856D66 /* Pods-Holy-Cow.debug.xcconfig */,
				85FA3BDBB490E8C06646EF19 /* Pods-Holy-Cow.release.xcconfig */,
			);
			name = Pods;
			sourceTree = "<group>";
		};
/* End PBXGroup section */

/* Begin PBXNativeTarget section */
		67EB30621D3BEE7C00C9B751 /* Holy-Cow */ = {
			isa = PBXNativeTarget;
			buildConfigurationList = 67EB30751D3BEE7C00C9B751 /* Build configuration list for PBXNativeTarget "Holy-Cow" */;
			buildPhases = (
				E1AECD1A824A899E74654E5A /* [CP] Check Pods Manifest.lock */,
				67EB305F1D3BEE7C00C9B751 /* Sources */,
				67EB30601D3BEE7C00C9B751 /* Frameworks */,
				67EB30611D3BEE7C00C9B751 /* Resources */,
				2198F0E60666568224D64C74 /* [CP] Embed Pods Frameworks */,
				372C4012012700E8F7134E0E /* [CP] Copy Pods Resources */,
			);
			buildRules = (
			);
			dependencies = (
			);
			name = "Holy-Cow";
			productName = "Holy-Cow";
			productReference = 67EB30631D3BEE7C00C9B751 /* Holy-Cow.app */;
			productType = "com.apple.product-type.application";
		};
/* End PBXNativeTarget section */

/* Begin PBXProject section */
		67EB305B1D3BEE7C00C9B751 /* Project object */ = {
			isa = PBXProject;
			attributes = {
				LastSwiftUpdateCheck = 0730;
				LastUpgradeCheck = 0730;
				ORGANIZATIONNAME = "Nadia Jamrozik";
				TargetAttributes = {
					67EB30621D3BEE7C00C9B751 = {
						CreatedOnToolsVersion = 7.3;
						DevelopmentTeam = UGZ3JL9C3M;
					};
				};
			};
			buildConfigurationList = 67EB305E1D3BEE7C00C9B751 /* Build configuration list for PBXProject "Holy-Cow" */;
			compatibilityVersion = "Xcode 3.2";
			developmentRegion = English;
			hasScannedForEncodings = 0;
			knownRegions = (
				en,
				Base,
			);
			mainGroup = 67EB305A1D3BEE7C00C9B751;
			productRefGroup = 67EB30641D3BEE7C00C9B751 /* Products */;
			projectDirPath = "";
			projectRoot = "";
			targets = (
				67EB30621D3BEE7C00C9B751 /* Holy-Cow */,
			);
		};
/* End PBXProject section */

/* Begin PBXResourcesBuildPhase section */
		67EB30611D3BEE7C00C9B751 /* Resources */ = {
			isa = PBXResourcesBuildPhase;
			buildActionMask = 2147483647;
			files = (
				4E80E53B1D3E566B00778E6D /* InfoTabs.storyboard in Resources */,
				672E4CC41D3E2179003906EF /* GT-Walsheim-Pro-Trial-Thin-Oblique.otf in Resources */,
				672E4CC31D3E2179003906EF /* GT-Walsheim-Pro-Trial-Thin.otf in Resources */,
				672E4CC71D3E2179003906EF /* GT-Walsheim-Pro-Trial-Medium.otf in Resources */,
				672E4CCE1D3E2179003906EF /* GT-Walsheim-Pro-Trial-Black-Oblique.otf in Resources */,
				6AAC32331D3E484800F10964 /* Main.storyboard in Resources */,
				672E4CC61D3E2179003906EF /* GT-Walsheim-Pro-Trial-Regular-Oblique.otf in Resources */,
				672E4C671D3CF862003906EF /* Calendar.storyboard in Resources */,
				672E4CC01D3E2179003906EF /* GT-Walsheim-Pro-Trial-Ultra-Light-Oblique.otf in Resources */,
				67EB30711D3BEE7C00C9B751 /* LaunchScreen.storyboard in Resources */,
				671703121D474F7A00F2A250 /* FoodTableViewCell.xib in Resources */,
				672E4CBF1D3E2179003906EF /* GT-Walsheim-Pro-Trial-Ultra-Light.otf in Resources */,
				671703161D47555700F2A250 /* Friends.storyboard in Resources */,
				672E4CCC1D3E2179003906EF /* GT-Walsheim-Pro-Trial-Bold-Oblique.otf in Resources */,
				672E4CCB1D3E2179003906EF /* GT-Walsheim-Pro-Trial-Bold.otf in Resources */,
				672E4CC81D3E2179003906EF /* GT-Walsheim-Pro-Trial-Medium-Oblique.otf in Resources */,
				672E4CC11D3E2179003906EF /* GT-Walsheim-Pro-Trial-Ultra-Bold.otf in Resources */,
				672E4CCA1D3E2179003906EF /* GT-Walsheim-Pro-Trial-Light-Oblique.otf in Resources */,
				672E4CC21D3E2179003906EF /* GT-Walsheim-Pro-Trial-Ultra-Bold-Oblique.otf in Resources */,
				67462EF41D53813C00FF585E /* Settings.storyboard in Resources */,
				67EB306E1D3BEE7C00C9B751 /* Assets.xcassets in Resources */,
				672E4CCD1D3E2179003906EF /* GT-Walsheim-Pro-Trial-Black.otf in Resources */,
				672E4C8C1D3D6B9D003906EF /* Recipes.storyboard in Resources */,
				672E4CC51D3E2179003906EF /* GT-Walsheim-Pro-Trial-Regular.otf in Resources */,
				672E4CC91D3E2179003906EF /* GT-Walsheim-Pro-Trial-Light.otf in Resources */,
			);
			runOnlyForDeploymentPostprocessing = 0;
		};
/* End PBXResourcesBuildPhase section */

/* Begin PBXShellScriptBuildPhase section */
		2198F0E60666568224D64C74 /* [CP] Embed Pods Frameworks */ = {
			isa = PBXShellScriptBuildPhase;
			buildActionMask = 2147483647;
			files = (
			);
			inputPaths = (
			);
			name = "[CP] Embed Pods Frameworks";
			outputPaths = (
			);
			runOnlyForDeploymentPostprocessing = 0;
			shellPath = /bin/sh;
			shellScript = "\"${SRCROOT}/Pods/Target Support Files/Pods-Holy-Cow/Pods-Holy-Cow-frameworks.sh\"\n";
			showEnvVarsInLog = 0;
		};
		372C4012012700E8F7134E0E /* [CP] Copy Pods Resources */ = {
			isa = PBXShellScriptBuildPhase;
			buildActionMask = 2147483647;
			files = (
			);
			inputPaths = (
			);
			name = "[CP] Copy Pods Resources";
			outputPaths = (
			);
			runOnlyForDeploymentPostprocessing = 0;
			shellPath = /bin/sh;
			shellScript = "\"${SRCROOT}/Pods/Target Support Files/Pods-Holy-Cow/Pods-Holy-Cow-resources.sh\"\n";
			showEnvVarsInLog = 0;
		};
		E1AECD1A824A899E74654E5A /* [CP] Check Pods Manifest.lock */ = {
			isa = PBXShellScriptBuildPhase;
			buildActionMask = 2147483647;
			files = (
			);
			inputPaths = (
			);
			name = "[CP] Check Pods Manifest.lock";
			outputPaths = (
			);
			runOnlyForDeploymentPostprocessing = 0;
			shellPath = /bin/sh;
			shellScript = "diff \"${PODS_ROOT}/../Podfile.lock\" \"${PODS_ROOT}/Manifest.lock\" > /dev/null\nif [[ $? != 0 ]] ; then\n    cat << EOM\nerror: The sandbox is not in sync with the Podfile.lock. Run 'pod install' or update your CocoaPods installation.\nEOM\n    exit 1\nfi\n";
			showEnvVarsInLog = 0;
		};
/* End PBXShellScriptBuildPhase section */

/* Begin PBXSourcesBuildPhase section */
		67EB305F1D3BEE7C00C9B751 /* Sources */ = {
			isa = PBXSourcesBuildPhase;
			buildActionMask = 2147483647;
			files = (
				6A6BD6EF1D41946100C98671 /* User.swift in Sources */,
				67963B341D3F8A290050B871 /* RecipesViewController.swift in Sources */,
				4E73C6261D3CD72D00F41471 /* InfoTabsViewController.swift in Sources */,
				4EAF31B21D41149900EA3FEA /* ProgressArc.swift in Sources */,
				67FC11F51D5884C2002E5D92 /* ChallengeViewController.swift in Sources */,
				671703181D47589400F2A250 /* FriendsViewController.swift in Sources */,
				672E4C691D3CF8ED003906EF /* CalendarViewController.swift in Sources */,
				6731B10F1D4178C5005B3951 /* TabBarViewController.swift in Sources */,
				678078CB1D3C4F4500DF3A6A /* Colors.swift in Sources */,
				67EB30691D3BEE7C00C9B751 /* ViewController.swift in Sources */,
				671703111D474F7A00F2A250 /* FoodTableViewCell.swift in Sources */,
				6A6BD6F11D41AB0E00C98671 /* UserController.swift in Sources */,
				67EB30671D3BEE7C00C9B751 /* AppDelegate.swift in Sources */,
				6AAC32301D3E371600F10964 /* LoginViewController.swift in Sources */,
				6A6BD6E91D4176E800C98671 /* StringExtension.swift in Sources */,
				67963B3A1D400D580050B871 /* CalendarController.swift in Sources */,
				67963B3C1D405DC40050B871 /* ProfileViewController.swift in Sources */,
				6A46F7A51D3CE47600A2C258 /* RegisterViewController.swift in Sources */,
				67462EFA1D54887100FF585E /* CalendarDate.swift in Sources */,
				67FC11F31D5877C2002E5D92 /* SettingsTableViewController.swift in Sources */,
			);
			runOnlyForDeploymentPostprocessing = 0;
		};
/* End PBXSourcesBuildPhase section */

/* Begin PBXVariantGroup section */
		67EB306F1D3BEE7C00C9B751 /* LaunchScreen.storyboard */ = {
			isa = PBXVariantGroup;
			children = (
				67EB30701D3BEE7C00C9B751 /* Base */,
			);
			name = LaunchScreen.storyboard;
			sourceTree = "<group>";
		};
		6AAC32311D3E484800F10964 /* Main.storyboard */ = {
			isa = PBXVariantGroup;
			children = (
				6AAC32321D3E484800F10964 /* Base */,
			);
			name = Main.storyboard;
			sourceTree = "<group>";
		};
/* End PBXVariantGroup section */

/* Begin XCBuildConfiguration section */
		67EB30731D3BEE7C00C9B751 /* Debug */ = {
			isa = XCBuildConfiguration;
			buildSettings = {
				ALWAYS_SEARCH_USER_PATHS = NO;
				CLANG_ANALYZER_NONNULL = YES;
				CLANG_CXX_LANGUAGE_STANDARD = "gnu++0x";
				CLANG_CXX_LIBRARY = "libc++";
				CLANG_ENABLE_MODULES = YES;
				CLANG_ENABLE_OBJC_ARC = YES;
				CLANG_WARN_BOOL_CONVERSION = YES;
				CLANG_WARN_CONSTANT_CONVERSION = YES;
				CLANG_WARN_DIRECT_OBJC_ISA_USAGE = YES_ERROR;
				CLANG_WARN_EMPTY_BODY = YES;
				CLANG_WARN_ENUM_CONVERSION = YES;
				CLANG_WARN_INT_CONVERSION = YES;
				CLANG_WARN_OBJC_ROOT_CLASS = YES_ERROR;
				CLANG_WARN_UNREACHABLE_CODE = YES;
				CLANG_WARN__DUPLICATE_METHOD_MATCH = YES;
				"CODE_SIGN_IDENTITY[sdk=iphoneos*]" = "iPhone Developer";
				COPY_PHASE_STRIP = NO;
				DEBUG_INFORMATION_FORMAT = dwarf;
				ENABLE_STRICT_OBJC_MSGSEND = YES;
				ENABLE_TESTABILITY = YES;
				GCC_C_LANGUAGE_STANDARD = gnu99;
				GCC_DYNAMIC_NO_PIC = NO;
				GCC_NO_COMMON_BLOCKS = YES;
				GCC_OPTIMIZATION_LEVEL = 0;
				GCC_PREPROCESSOR_DEFINITIONS = (
					"DEBUG=1",
					"$(inherited)",
				);
				GCC_WARN_64_TO_32_BIT_CONVERSION = YES;
				GCC_WARN_ABOUT_RETURN_TYPE = YES_ERROR;
				GCC_WARN_UNDECLARED_SELECTOR = YES;
				GCC_WARN_UNINITIALIZED_AUTOS = YES_AGGRESSIVE;
				GCC_WARN_UNUSED_FUNCTION = YES;
				GCC_WARN_UNUSED_VARIABLE = YES;
				IPHONEOS_DEPLOYMENT_TARGET = 9.3;
				MTL_ENABLE_DEBUG_INFO = YES;
				ONLY_ACTIVE_ARCH = YES;
				SDKROOT = iphoneos;
				SWIFT_OPTIMIZATION_LEVEL = "-Onone";
			};
			name = Debug;
		};
		67EB30741D3BEE7C00C9B751 /* Release */ = {
			isa = XCBuildConfiguration;
			buildSettings = {
				ALWAYS_SEARCH_USER_PATHS = NO;
				CLANG_ANALYZER_NONNULL = YES;
				CLANG_CXX_LANGUAGE_STANDARD = "gnu++0x";
				CLANG_CXX_LIBRARY = "libc++";
				CLANG_ENABLE_MODULES = YES;
				CLANG_ENABLE_OBJC_ARC = YES;
				CLANG_WARN_BOOL_CONVERSION = YES;
				CLANG_WARN_CONSTANT_CONVERSION = YES;
				CLANG_WARN_DIRECT_OBJC_ISA_USAGE = YES_ERROR;
				CLANG_WARN_EMPTY_BODY = YES;
				CLANG_WARN_ENUM_CONVERSION = YES;
				CLANG_WARN_INT_CONVERSION = YES;
				CLANG_WARN_OBJC_ROOT_CLASS = YES_ERROR;
				CLANG_WARN_UNREACHABLE_CODE = YES;
				CLANG_WARN__DUPLICATE_METHOD_MATCH = YES;
				"CODE_SIGN_IDENTITY[sdk=iphoneos*]" = "iPhone Developer";
				COPY_PHASE_STRIP = NO;
				DEBUG_INFORMATION_FORMAT = "dwarf-with-dsym";
				ENABLE_NS_ASSERTIONS = NO;
				ENABLE_STRICT_OBJC_MSGSEND = YES;
				GCC_C_LANGUAGE_STANDARD = gnu99;
				GCC_NO_COMMON_BLOCKS = YES;
				GCC_WARN_64_TO_32_BIT_CONVERSION = YES;
				GCC_WARN_ABOUT_RETURN_TYPE = YES_ERROR;
				GCC_WARN_UNDECLARED_SELECTOR = YES;
				GCC_WARN_UNINITIALIZED_AUTOS = YES_AGGRESSIVE;
				GCC_WARN_UNUSED_FUNCTION = YES;
				GCC_WARN_UNUSED_VARIABLE = YES;
				IPHONEOS_DEPLOYMENT_TARGET = 9.3;
				MTL_ENABLE_DEBUG_INFO = NO;
				SDKROOT = iphoneos;
				VALIDATE_PRODUCT = YES;
			};
			name = Release;
		};
		67EB30761D3BEE7C00C9B751 /* Debug */ = {
			isa = XCBuildConfiguration;
			baseConfigurationReference = C0949604457044D5B6856D66 /* Pods-Holy-Cow.debug.xcconfig */;
			buildSettings = {
				ASSETCATALOG_COMPILER_APPICON_NAME = AppIcon;
				CODE_SIGN_IDENTITY = "iPhone Developer";
				"CODE_SIGN_IDENTITY[sdk=iphoneos*]" = "iPhone Developer";
				INFOPLIST_FILE = "Holy-Cow/Info.plist";
				IPHONEOS_DEPLOYMENT_TARGET = 9.3;
				LD_RUNPATH_SEARCH_PATHS = "$(inherited) @executable_path/Frameworks";
				PRODUCT_BUNDLE_IDENTIFIER = com.nadiajamrozik1;
				PRODUCT_NAME = "$(TARGET_NAME)";
				PROVISIONING_PROFILE = "";
			};
			name = Debug;
		};
		67EB30771D3BEE7C00C9B751 /* Release */ = {
			isa = XCBuildConfiguration;
			baseConfigurationReference = 85FA3BDBB490E8C06646EF19 /* Pods-Holy-Cow.release.xcconfig */;
			buildSettings = {
				ASSETCATALOG_COMPILER_APPICON_NAME = AppIcon;
				CODE_SIGN_IDENTITY = "iPhone Developer";
				"CODE_SIGN_IDENTITY[sdk=iphoneos*]" = "iPhone Developer";
				INFOPLIST_FILE = "Holy-Cow/Info.plist";
				IPHONEOS_DEPLOYMENT_TARGET = 9.3;
				LD_RUNPATH_SEARCH_PATHS = "$(inherited) @executable_path/Frameworks";
				PRODUCT_BUNDLE_IDENTIFIER = com.nadiajamrozik1;
				PRODUCT_NAME = "$(TARGET_NAME)";
				PROVISIONING_PROFILE = "";
			};
			name = Release;
		};
/* End XCBuildConfiguration section */

/* Begin XCConfigurationList section */
		67EB305E1D3BEE7C00C9B751 /* Build configuration list for PBXProject "Holy-Cow" */ = {
			isa = XCConfigurationList;
			buildConfigurations = (
				67EB30731D3BEE7C00C9B751 /* Debug */,
				67EB30741D3BEE7C00C9B751 /* Release */,
			);
			defaultConfigurationIsVisible = 0;
			defaultConfigurationName = Release;
		};
		67EB30751D3BEE7C00C9B751 /* Build configuration list for PBXNativeTarget "Holy-Cow" */ = {
			isa = XCConfigurationList;
			buildConfigurations = (
				67EB30761D3BEE7C00C9B751 /* Debug */,
				67EB30771D3BEE7C00C9B751 /* Release */,
			);
			defaultConfigurationIsVisible = 0;
			defaultConfigurationName = Release;
		};
/* End XCConfigurationList section */
	};
	rootObject = 67EB305B1D3BEE7C00C9B751 /* Project object */;
}
